// !$*UTF8*$!
{
	archiveVersion = 1;
	classes = {
	};
	objectVersion = 51;
	objects = {

/* Begin PBXBuildFile section */
		7554CDA62462F64E00E7ABDE /* AppDelegate.swift in Sources */ = {isa = PBXBuildFile; fileRef = 7554CDA52462F64E00E7ABDE /* AppDelegate.swift */; };
		7554CDA82462F64E00E7ABDE /* SceneDelegate.swift in Sources */ = {isa = PBXBuildFile; fileRef = 7554CDA72462F64E00E7ABDE /* SceneDelegate.swift */; };
		7554CDAA2462F64E00E7ABDE /* HomeViewController.swift in Sources */ = {isa = PBXBuildFile; fileRef = 7554CDA92462F64E00E7ABDE /* HomeViewController.swift */; };
		7554CDAD2462F64E00E7ABDE /* Main.storyboard in Resources */ = {isa = PBXBuildFile; fileRef = 7554CDAB2462F64E00E7ABDE /* Main.storyboard */; };
		7554CDAF2462F65500E7ABDE /* Assets.xcassets in Resources */ = {isa = PBXBuildFile; fileRef = 7554CDAE2462F65500E7ABDE /* Assets.xcassets */; };
		7554CDB22462F65500E7ABDE /* LaunchScreen.storyboard in Resources */ = {isa = PBXBuildFile; fileRef = 7554CDB02462F65500E7ABDE /* LaunchScreen.storyboard */; };
		7554CDEA2462FCEB00E7ABDE /* LoginViewController.swift in Sources */ = {isa = PBXBuildFile; fileRef = 7554CDE92462FCEB00E7ABDE /* LoginViewController.swift */; };
		7554CDEC2462FCFA00E7ABDE /* ImageSelectViewController.swift in Sources */ = {isa = PBXBuildFile; fileRef = 7554CDEB2462FCFA00E7ABDE /* ImageSelectViewController.swift */; };
		7554CDEE2462FD0300E7ABDE /* PostViewController.swift in Sources */ = {isa = PBXBuildFile; fileRef = 7554CDED2462FD0300E7ABDE /* PostViewController.swift */; };
		7554CDF02462FD0D00E7ABDE /* SettingViewController.swift in Sources */ = {isa = PBXBuildFile; fileRef = 7554CDEF2462FD0D00E7ABDE /* SettingViewController.swift */; };
		7554CDF42463019900E7ABDE /* HomeTabBarController.swift in Sources */ = {isa = PBXBuildFile; fileRef = 7554CDF32463019900E7ABDE /* HomeTabBarController.swift */; };
		7554CDF62463066300E7ABDE /* GoogleService-Info.plist in Resources */ = {isa = PBXBuildFile; fileRef = 7554CDF52463066300E7ABDE /* GoogleService-Info.plist */; };
		7554CDFA24630C7000E7ABDE /* UserRepository.swift in Sources */ = {isa = PBXBuildFile; fileRef = 7554CDF924630C7000E7ABDE /* UserRepository.swift */; };
		7554CDFE24630CD000E7ABDE /* User.swift in Sources */ = {isa = PBXBuildFile; fileRef = 7554CDFD24630CD000E7ABDE /* User.swift */; };
		7554CE0024630CED00E7ABDE /* FirebaseUserRepository.swift in Sources */ = {isa = PBXBuildFile; fileRef = 7554CDFF24630CED00E7ABDE /* FirebaseUserRepository.swift */; };
		7554CE022463123F00E7ABDE /* UserService.swift in Sources */ = {isa = PBXBuildFile; fileRef = 7554CE012463123F00E7ABDE /* UserService.swift */; };
		7554CE042463134D00E7ABDE /* RegisterUser.swift in Sources */ = {isa = PBXBuildFile; fileRef = 7554CE032463134D00E7ABDE /* RegisterUser.swift */; };
		7554CE06246313C800E7ABDE /* LoginUser.swift in Sources */ = {isa = PBXBuildFile; fileRef = 7554CE05246313C800E7ABDE /* LoginUser.swift */; };
		7554CE09246314CC00E7ABDE /* ModelError.swift in Sources */ = {isa = PBXBuildFile; fileRef = 7554CE08246314CC00E7ABDE /* ModelError.swift */; };
		7554CE0B2463161000E7ABDE /* AccountService.swift in Sources */ = {isa = PBXBuildFile; fileRef = 7554CE0A2463161000E7ABDE /* AccountService.swift */; };
		7554CE0D2465D5A700E7ABDE /* UpdateUser.swift in Sources */ = {isa = PBXBuildFile; fileRef = 7554CE0C2465D5A700E7ABDE /* UpdateUser.swift */; };
		7554CE0F2466DDDC00E7ABDE /* PostService.swift in Sources */ = {isa = PBXBuildFile; fileRef = 7554CE0E2466DDDC00E7ABDE /* PostService.swift */; };
		7554CE112466DDF400E7ABDE /* PostRepository.swift in Sources */ = {isa = PBXBuildFile; fileRef = 7554CE102466DDF400E7ABDE /* PostRepository.swift */; };
		7554CE132466DE3E00E7ABDE /* ImageRepository.swift in Sources */ = {isa = PBXBuildFile; fileRef = 7554CE122466DE3E00E7ABDE /* ImageRepository.swift */; };
		7554CE152466DE5C00E7ABDE /* CreatePost.swift in Sources */ = {isa = PBXBuildFile; fileRef = 7554CE142466DE5C00E7ABDE /* CreatePost.swift */; };
		7554CE172466DFFE00E7ABDE /* FirebasePostRepository.swift in Sources */ = {isa = PBXBuildFile; fileRef = 7554CE162466DFFE00E7ABDE /* FirebasePostRepository.swift */; };
		7554CE1A2466E0AB00E7ABDE /* FirebaseConst.swift in Sources */ = {isa = PBXBuildFile; fileRef = 7554CE192466E0AB00E7ABDE /* FirebaseConst.swift */; };
		7554CE1C2466E1ED00E7ABDE /* FirebaseImageRepository.swift in Sources */ = {isa = PBXBuildFile; fileRef = 7554CE1B2466E1ED00E7ABDE /* FirebaseImageRepository.swift */; };
		7554CE1E2466E32B00E7ABDE /* FirebaseError.swift in Sources */ = {isa = PBXBuildFile; fileRef = 7554CE1D2466E32B00E7ABDE /* FirebaseError.swift */; };
		7554CE20246C366C00E7ABDE /* PostData.swift in Sources */ = {isa = PBXBuildFile; fileRef = 7554CE1F246C366B00E7ABDE /* PostData.swift */; };
		7554CE23246C37E100E7ABDE /* PostTableViewCell.swift in Sources */ = {isa = PBXBuildFile; fileRef = 7554CE21246C37E100E7ABDE /* PostTableViewCell.swift */; };
		7554CE24246C37E100E7ABDE /* PostTableViewCell.xib in Resources */ = {isa = PBXBuildFile; fileRef = 7554CE22246C37E100E7ABDE /* PostTableViewCell.xib */; };
		DEFC1CB4F3993298313C80A8 /* Pods_InstagramClone.framework in Frameworks */ = {isa = PBXBuildFile; fileRef = 34C337CC8C3A82E695AF913E /* Pods_InstagramClone.framework */; };
/* End PBXBuildFile section */

/* Begin PBXFileReference section */
		22B20C02BD163CA00F5397CD /* Pods-InstagramClone.release.xcconfig */ = {isa = PBXFileReference; includeInIndex = 1; lastKnownFileType = text.xcconfig; name = "Pods-InstagramClone.release.xcconfig"; path = "Target Support Files/Pods-InstagramClone/Pods-InstagramClone.release.xcconfig"; sourceTree = "<group>"; };
		34C337CC8C3A82E695AF913E /* Pods_InstagramClone.framework */ = {isa = PBXFileReference; explicitFileType = wrapper.framework; includeInIndex = 0; path = Pods_InstagramClone.framework; sourceTree = BUILT_PRODUCTS_DIR; };
		7554CDA22462F64E00E7ABDE /* InstagramClone.app */ = {isa = PBXFileReference; explicitFileType = wrapper.application; includeInIndex = 0; path = InstagramClone.app; sourceTree = BUILT_PRODUCTS_DIR; };
		7554CDA52462F64E00E7ABDE /* AppDelegate.swift */ = {isa = PBXFileReference; lastKnownFileType = sourcecode.swift; path = AppDelegate.swift; sourceTree = "<group>"; };
		7554CDA72462F64E00E7ABDE /* SceneDelegate.swift */ = {isa = PBXFileReference; lastKnownFileType = sourcecode.swift; path = SceneDelegate.swift; sourceTree = "<group>"; };
		7554CDA92462F64E00E7ABDE /* HomeViewController.swift */ = {isa = PBXFileReference; lastKnownFileType = sourcecode.swift; path = HomeViewController.swift; sourceTree = "<group>"; };
		7554CDAC2462F64E00E7ABDE /* Base */ = {isa = PBXFileReference; lastKnownFileType = file.storyboard; name = Base; path = Base.lproj/Main.storyboard; sourceTree = "<group>"; };
		7554CDAE2462F65500E7ABDE /* Assets.xcassets */ = {isa = PBXFileReference; lastKnownFileType = folder.assetcatalog; path = Assets.xcassets; sourceTree = "<group>"; };
		7554CDB12462F65500E7ABDE /* Base */ = {isa = PBXFileReference; lastKnownFileType = file.storyboard; name = Base; path = Base.lproj/LaunchScreen.storyboard; sourceTree = "<group>"; };
		7554CDB32462F65500E7ABDE /* Info.plist */ = {isa = PBXFileReference; lastKnownFileType = text.plist.xml; path = Info.plist; sourceTree = "<group>"; };
		7554CDE92462FCEB00E7ABDE /* LoginViewController.swift */ = {isa = PBXFileReference; lastKnownFileType = sourcecode.swift; path = LoginViewController.swift; sourceTree = "<group>"; };
		7554CDEB2462FCFA00E7ABDE /* ImageSelectViewController.swift */ = {isa = PBXFileReference; lastKnownFileType = sourcecode.swift; path = ImageSelectViewController.swift; sourceTree = "<group>"; };
		7554CDED2462FD0300E7ABDE /* PostViewController.swift */ = {isa = PBXFileReference; lastKnownFileType = sourcecode.swift; path = PostViewController.swift; sourceTree = "<group>"; };
		7554CDEF2462FD0D00E7ABDE /* SettingViewController.swift */ = {isa = PBXFileReference; lastKnownFileType = sourcecode.swift; path = SettingViewController.swift; sourceTree = "<group>"; };
		7554CDF32463019900E7ABDE /* HomeTabBarController.swift */ = {isa = PBXFileReference; lastKnownFileType = sourcecode.swift; path = HomeTabBarController.swift; sourceTree = "<group>"; };
		7554CDF52463066300E7ABDE /* GoogleService-Info.plist */ = {isa = PBXFileReference; fileEncoding = 4; lastKnownFileType = text.plist.xml; path = "GoogleService-Info.plist"; sourceTree = "<group>"; };
		7554CDF924630C7000E7ABDE /* UserRepository.swift */ = {isa = PBXFileReference; lastKnownFileType = sourcecode.swift; path = UserRepository.swift; sourceTree = "<group>"; };
		7554CDFD24630CD000E7ABDE /* User.swift */ = {isa = PBXFileReference; lastKnownFileType = sourcecode.swift; path = User.swift; sourceTree = "<group>"; };
		7554CDFF24630CED00E7ABDE /* FirebaseUserRepository.swift */ = {isa = PBXFileReference; lastKnownFileType = sourcecode.swift; path = FirebaseUserRepository.swift; sourceTree = "<group>"; };
		7554CE012463123F00E7ABDE /* UserService.swift */ = {isa = PBXFileReference; lastKnownFileType = sourcecode.swift; path = UserService.swift; sourceTree = "<group>"; };
		7554CE032463134D00E7ABDE /* RegisterUser.swift */ = {isa = PBXFileReference; lastKnownFileType = sourcecode.swift; path = RegisterUser.swift; sourceTree = "<group>"; };
		7554CE05246313C800E7ABDE /* LoginUser.swift */ = {isa = PBXFileReference; lastKnownFileType = sourcecode.swift; path = LoginUser.swift; sourceTree = "<group>"; };
		7554CE08246314CC00E7ABDE /* ModelError.swift */ = {isa = PBXFileReference; lastKnownFileType = sourcecode.swift; path = ModelError.swift; sourceTree = "<group>"; };
		7554CE0A2463161000E7ABDE /* AccountService.swift */ = {isa = PBXFileReference; lastKnownFileType = sourcecode.swift; path = AccountService.swift; sourceTree = "<group>"; };
		7554CE0C2465D5A700E7ABDE /* UpdateUser.swift */ = {isa = PBXFileReference; lastKnownFileType = sourcecode.swift; path = UpdateUser.swift; sourceTree = "<group>"; };
		7554CE0E2466DDDC00E7ABDE /* PostService.swift */ = {isa = PBXFileReference; lastKnownFileType = sourcecode.swift; path = PostService.swift; sourceTree = "<group>"; };
		7554CE102466DDF400E7ABDE /* PostRepository.swift */ = {isa = PBXFileReference; lastKnownFileType = sourcecode.swift; path = PostRepository.swift; sourceTree = "<group>"; };
		7554CE122466DE3E00E7ABDE /* ImageRepository.swift */ = {isa = PBXFileReference; lastKnownFileType = sourcecode.swift; path = ImageRepository.swift; sourceTree = "<group>"; };
		7554CE142466DE5C00E7ABDE /* CreatePost.swift */ = {isa = PBXFileReference; lastKnownFileType = sourcecode.swift; path = CreatePost.swift; sourceTree = "<group>"; };
		7554CE162466DFFE00E7ABDE /* FirebasePostRepository.swift */ = {isa = PBXFileReference; lastKnownFileType = sourcecode.swift; path = FirebasePostRepository.swift; sourceTree = "<group>"; };
		7554CE192466E0AB00E7ABDE /* FirebaseConst.swift */ = {isa = PBXFileReference; lastKnownFileType = sourcecode.swift; path = FirebaseConst.swift; sourceTree = "<group>"; };
		7554CE1B2466E1ED00E7ABDE /* FirebaseImageRepository.swift */ = {isa = PBXFileReference; lastKnownFileType = sourcecode.swift; path = FirebaseImageRepository.swift; sourceTree = "<group>"; };
		7554CE1D2466E32B00E7ABDE /* FirebaseError.swift */ = {isa = PBXFileReference; lastKnownFileType = sourcecode.swift; path = FirebaseError.swift; sourceTree = "<group>"; };
		7554CE1F246C366B00E7ABDE /* PostData.swift */ = {isa = PBXFileReference; lastKnownFileType = sourcecode.swift; path = PostData.swift; sourceTree = "<group>"; };
		7554CE21246C37E100E7ABDE /* PostTableViewCell.swift */ = {isa = PBXFileReference; lastKnownFileType = sourcecode.swift; path = PostTableViewCell.swift; sourceTree = "<group>"; };
		7554CE22246C37E100E7ABDE /* PostTableViewCell.xib */ = {isa = PBXFileReference; lastKnownFileType = file.xib; path = PostTableViewCell.xib; sourceTree = "<group>"; };
		FDAB74E5FD7A4CAFE7D537FB /* Pods-InstagramClone.debug.xcconfig */ = {isa = PBXFileReference; includeInIndex = 1; lastKnownFileType = text.xcconfig; name = "Pods-InstagramClone.debug.xcconfig"; path = "Target Support Files/Pods-InstagramClone/Pods-InstagramClone.debug.xcconfig"; sourceTree = "<group>"; };
/* End PBXFileReference section */

/* Begin PBXFrameworksBuildPhase section */
		7554CD9F2462F64E00E7ABDE /* Frameworks */ = {
			isa = PBXFrameworksBuildPhase;
			buildActionMask = 2147483647;
			files = (
				DEFC1CB4F3993298313C80A8 /* Pods_InstagramClone.framework in Frameworks */,
			);
			runOnlyForDeploymentPostprocessing = 0;
		};
/* End PBXFrameworksBuildPhase section */

/* Begin PBXGroup section */
		7554CD992462F64E00E7ABDE = {
			isa = PBXGroup;
			children = (
				7554CDF52463066300E7ABDE /* GoogleService-Info.plist */,
				7554CDA42462F64E00E7ABDE /* InstagramClone */,
				7554CDA32462F64E00E7ABDE /* Products */,
				EDC741E6CCF3B32E30975EE9 /* Pods */,
				75C439B267E8669845A43775 /* Frameworks */,
			);
			sourceTree = "<group>";
		};
		7554CDA32462F64E00E7ABDE /* Products */ = {
			isa = PBXGroup;
			children = (
				7554CDA22462F64E00E7ABDE /* InstagramClone.app */,
			);
			name = Products;
			sourceTree = "<group>";
		};
		7554CDA42462F64E00E7ABDE /* InstagramClone */ = {
			isa = PBXGroup;
			children = (
				7554CDDD2462FB6800E7ABDE /* src */,
				7554CDA52462F64E00E7ABDE /* AppDelegate.swift */,
				7554CDA72462F64E00E7ABDE /* SceneDelegate.swift */,
				7554CDAB2462F64E00E7ABDE /* Main.storyboard */,
				7554CDAE2462F65500E7ABDE /* Assets.xcassets */,
				7554CDB02462F65500E7ABDE /* LaunchScreen.storyboard */,
				7554CDB32462F65500E7ABDE /* Info.plist */,
			);
			path = InstagramClone;
			sourceTree = "<group>";
		};
		7554CDDD2462FB6800E7ABDE /* src */ = {
			isa = PBXGroup;
			children = (
				7554CDE22462FB8D00E7ABDE /* application */,
				7554CDE12462FB8600E7ABDE /* infrastructure */,
				7554CDE02462FB8100E7ABDE /* domain */,
				7554CDDE2462FB7200E7ABDE /* ui */,
			);
			path = src;
			sourceTree = "<group>";
		};
		7554CDDE2462FB7200E7ABDE /* ui */ = {
			isa = PBXGroup;
			children = (
				7554CE26246C39CC00E7ABDE /* post */,
				7554CDDF2462FB7800E7ABDE /* controllers */,
			);
			path = ui;
			sourceTree = "<group>";
		};
		7554CDDF2462FB7800E7ABDE /* controllers */ = {
			isa = PBXGroup;
			children = (
				7554CDA92462F64E00E7ABDE /* HomeViewController.swift */,
				7554CDE92462FCEB00E7ABDE /* LoginViewController.swift */,
				7554CDEB2462FCFA00E7ABDE /* ImageSelectViewController.swift */,
				7554CDED2462FD0300E7ABDE /* PostViewController.swift */,
				7554CDEF2462FD0D00E7ABDE /* SettingViewController.swift */,
				7554CDF32463019900E7ABDE /* HomeTabBarController.swift */,
			);
			path = controllers;
			sourceTree = "<group>";
		};
		7554CDE02462FB8100E7ABDE /* domain */ = {
			isa = PBXGroup;
			children = (
				7554CDE72462FBCC00E7ABDE /* services */,
				7554CDE62462FBC400E7ABDE /* repositories */,
				7554CDE52462FBBF00E7ABDE /* models */,
			);
			path = domain;
			sourceTree = "<group>";
		};
		7554CDE12462FB8600E7ABDE /* infrastructure */ = {
			isa = PBXGroup;
			children = (
				7554CE182466E09700E7ABDE /* shared */,
				7554CDE82462FBD800E7ABDE /* repositories */,
			);
			path = infrastructure;
			sourceTree = "<group>";
		};
		7554CDE22462FB8D00E7ABDE /* application */ = {
			isa = PBXGroup;
			children = (
				7554CDE32462FBAC00E7ABDE /* services */,
			);
			path = application;
			sourceTree = "<group>";
		};
		7554CDE32462FBAC00E7ABDE /* services */ = {
			isa = PBXGroup;
			children = (
				7554CE0A2463161000E7ABDE /* AccountService.swift */,
				7554CE0E2466DDDC00E7ABDE /* PostService.swift */,
			);
			path = services;
			sourceTree = "<group>";
		};
		7554CDE52462FBBF00E7ABDE /* models */ = {
			isa = PBXGroup;
			children = (
				7554CE07246314BB00E7ABDE /* shared */,
				7554CDFD24630CD000E7ABDE /* User.swift */,
				7554CE032463134D00E7ABDE /* RegisterUser.swift */,
				7554CE0C2465D5A700E7ABDE /* UpdateUser.swift */,
				7554CE05246313C800E7ABDE /* LoginUser.swift */,
				7554CE142466DE5C00E7ABDE /* CreatePost.swift */,
				7554CE1F246C366B00E7ABDE /* PostData.swift */,
			);
			path = models;
			sourceTree = "<group>";
		};
		7554CDE62462FBC400E7ABDE /* repositories */ = {
			isa = PBXGroup;
			children = (
				7554CDF924630C7000E7ABDE /* UserRepository.swift */,
				7554CE102466DDF400E7ABDE /* PostRepository.swift */,
				7554CE122466DE3E00E7ABDE /* ImageRepository.swift */,
			);
			path = repositories;
			sourceTree = "<group>";
		};
		7554CDE72462FBCC00E7ABDE /* services */ = {
			isa = PBXGroup;
			children = (
				7554CE012463123F00E7ABDE /* UserService.swift */,
			);
			path = services;
			sourceTree = "<group>";
		};
		7554CDE82462FBD800E7ABDE /* repositories */ = {
			isa = PBXGroup;
			children = (
				7554CDFF24630CED00E7ABDE /* FirebaseUserRepository.swift */,
				7554CE162466DFFE00E7ABDE /* FirebasePostRepository.swift */,
				7554CE1B2466E1ED00E7ABDE /* FirebaseImageRepository.swift */,
			);
			path = repositories;
			sourceTree = "<group>";
		};
		7554CE07246314BB00E7ABDE /* shared */ = {
			isa = PBXGroup;
			children = (
				7554CE08246314CC00E7ABDE /* ModelError.swift */,
			);
			path = shared;
			sourceTree = "<group>";
		};
		7554CE182466E09700E7ABDE /* shared */ = {
			isa = PBXGroup;
			children = (
				7554CE192466E0AB00E7ABDE /* FirebaseConst.swift */,
				7554CE1D2466E32B00E7ABDE /* FirebaseError.swift */,
			);
			path = shared;
			sourceTree = "<group>";
		};
		7554CE25246C37F800E7ABDE /* post_table_cell */ = {
			isa = PBXGroup;
			children = (
				7554CE22246C37E100E7ABDE /* PostTableViewCell.xib */,
				7554CE21246C37E100E7ABDE /* PostTableViewCell.swift */,
			);
			path = post_table_cell;
			sourceTree = "<group>";
		};
		7554CE26246C39CC00E7ABDE /* post */ = {
			isa = PBXGroup;
			children = (
				7554CE25246C37F800E7ABDE /* post_table_cell */,
			);
			path = post;
			sourceTree = "<group>";
		};
		75C439B267E8669845A43775 /* Frameworks */ = {
			isa = PBXGroup;
			children = (
				34C337CC8C3A82E695AF913E /* Pods_InstagramClone.framework */,
			);
			name = Frameworks;
			sourceTree = "<group>";
		};
		EDC741E6CCF3B32E30975EE9 /* Pods */ = {
			isa = PBXGroup;
			children = (
				FDAB74E5FD7A4CAFE7D537FB /* Pods-InstagramClone.debug.xcconfig */,
				22B20C02BD163CA00F5397CD /* Pods-InstagramClone.release.xcconfig */,
			);
			path = Pods;
			sourceTree = "<group>";
		};
/* End PBXGroup section */

/* Begin PBXNativeTarget section */
		7554CDA12462F64E00E7ABDE /* InstagramClone */ = {
			isa = PBXNativeTarget;
			buildConfigurationList = 7554CDB62462F65500E7ABDE /* Build configuration list for PBXNativeTarget "InstagramClone" */;
			buildPhases = (
				874CCB54A37DEB280F8A00F0 /* [CP] Check Pods Manifest.lock */,
				7554CD9E2462F64E00E7ABDE /* Sources */,
				7554CD9F2462F64E00E7ABDE /* Frameworks */,
				7554CDA02462F64E00E7ABDE /* Resources */,
				513F8847719B16F925A4E7D0 /* [CP] Embed Pods Frameworks */,
			);
			buildRules = (
			);
			dependencies = (
			);
			name = InstagramClone;
			productName = InstagramClone;
			productReference = 7554CDA22462F64E00E7ABDE /* InstagramClone.app */;
			productType = "com.apple.product-type.application";
		};
/* End PBXNativeTarget section */

/* Begin PBXProject section */
		7554CD9A2462F64E00E7ABDE /* Project object */ = {
			isa = PBXProject;
			attributes = {
				LastSwiftUpdateCheck = 1140;
				LastUpgradeCheck = 1140;
				ORGANIZATIONNAME = umichan;
				TargetAttributes = {
					7554CDA12462F64E00E7ABDE = {
						CreatedOnToolsVersion = 11.4.1;
					};
				};
			};
			buildConfigurationList = 7554CD9D2462F64E00E7ABDE /* Build configuration list for PBXProject "InstagramClone" */;
			compatibilityVersion = "Xcode 9.3";
			developmentRegion = en;
			hasScannedForEncodings = 0;
			knownRegions = (
				en,
				Base,
			);
			mainGroup = 7554CD992462F64E00E7ABDE;
			productRefGroup = 7554CDA32462F64E00E7ABDE /* Products */;
			projectDirPath = "";
			projectRoot = "";
			targets = (
				7554CDA12462F64E00E7ABDE /* InstagramClone */,
			);
		};
/* End PBXProject section */

/* Begin PBXResourcesBuildPhase section */
		7554CDA02462F64E00E7ABDE /* Resources */ = {
			isa = PBXResourcesBuildPhase;
			buildActionMask = 2147483647;
			files = (
				7554CDB22462F65500E7ABDE /* LaunchScreen.storyboard in Resources */,
				7554CE24246C37E100E7ABDE /* PostTableViewCell.xib in Resources */,
				7554CDF62463066300E7ABDE /* GoogleService-Info.plist in Resources */,
				7554CDAF2462F65500E7ABDE /* Assets.xcassets in Resources */,
				7554CDAD2462F64E00E7ABDE /* Main.storyboard in Resources */,
			);
			runOnlyForDeploymentPostprocessing = 0;
		};
/* End PBXResourcesBuildPhase section */

/* Begin PBXShellScriptBuildPhase section */
		513F8847719B16F925A4E7D0 /* [CP] Embed Pods Frameworks */ = {
			isa = PBXShellScriptBuildPhase;
			buildActionMask = 2147483647;
			files = (
			);
			inputFileListPaths = (
				"${PODS_ROOT}/Target Support Files/Pods-InstagramClone/Pods-InstagramClone-frameworks-${CONFIGURATION}-input-files.xcfilelist",
			);
			name = "[CP] Embed Pods Frameworks";
			outputFileListPaths = (
				"${PODS_ROOT}/Target Support Files/Pods-InstagramClone/Pods-InstagramClone-frameworks-${CONFIGURATION}-output-files.xcfilelist",
			);
			runOnlyForDeploymentPostprocessing = 0;
			shellPath = /bin/sh;
			shellScript = "\"${PODS_ROOT}/Target Support Files/Pods-InstagramClone/Pods-InstagramClone-frameworks.sh\"\n";
			showEnvVarsInLog = 0;
		};
		874CCB54A37DEB280F8A00F0 /* [CP] Check Pods Manifest.lock */ = {
			isa = PBXShellScriptBuildPhase;
			buildActionMask = 2147483647;
			files = (
			);
			inputFileListPaths = (
			);
			inputPaths = (
				"${PODS_PODFILE_DIR_PATH}/Podfile.lock",
				"${PODS_ROOT}/Manifest.lock",
			);
			name = "[CP] Check Pods Manifest.lock";
			outputFileListPaths = (
			);
			outputPaths = (
				"$(DERIVED_FILE_DIR)/Pods-InstagramClone-checkManifestLockResult.txt",
			);
			runOnlyForDeploymentPostprocessing = 0;
			shellPath = /bin/sh;
			shellScript = "diff \"${PODS_PODFILE_DIR_PATH}/Podfile.lock\" \"${PODS_ROOT}/Manifest.lock\" > /dev/null\nif [ $? != 0 ] ; then\n    # print error to STDERR\n    echo \"error: The sandbox is not in sync with the Podfile.lock. Run 'pod install' or update your CocoaPods installation.\" >&2\n    exit 1\nfi\n# This output is used by Xcode 'outputs' to avoid re-running this script phase.\necho \"SUCCESS\" > \"${SCRIPT_OUTPUT_FILE_0}\"\n";
			showEnvVarsInLog = 0;
		};
/* End PBXShellScriptBuildPhase section */

/* Begin PBXSourcesBuildPhase section */
		7554CD9E2462F64E00E7ABDE /* Sources */ = {
			isa = PBXSourcesBuildPhase;
			buildActionMask = 2147483647;
			files = (
				7554CE172466DFFE00E7ABDE /* FirebasePostRepository.swift in Sources */,
				7554CDEE2462FD0300E7ABDE /* PostViewController.swift in Sources */,
				7554CDEA2462FCEB00E7ABDE /* LoginViewController.swift in Sources */,
				7554CE0024630CED00E7ABDE /* FirebaseUserRepository.swift in Sources */,
				7554CE1C2466E1ED00E7ABDE /* FirebaseImageRepository.swift in Sources */,
				7554CDAA2462F64E00E7ABDE /* HomeViewController.swift in Sources */,
				7554CDA62462F64E00E7ABDE /* AppDelegate.swift in Sources */,
				7554CDEC2462FCFA00E7ABDE /* ImageSelectViewController.swift in Sources */,
				7554CE09246314CC00E7ABDE /* ModelError.swift in Sources */,
				7554CE1E2466E32B00E7ABDE /* FirebaseError.swift in Sources */,
				7554CE132466DE3E00E7ABDE /* ImageRepository.swift in Sources */,
				7554CE0F2466DDDC00E7ABDE /* PostService.swift in Sources */,
				7554CE06246313C800E7ABDE /* LoginUser.swift in Sources */,
				7554CE1A2466E0AB00E7ABDE /* FirebaseConst.swift in Sources */,
				7554CE022463123F00E7ABDE /* UserService.swift in Sources */,
				7554CDF02462FD0D00E7ABDE /* SettingViewController.swift in Sources */,
				7554CE152466DE5C00E7ABDE /* CreatePost.swift in Sources */,
				7554CE20246C366C00E7ABDE /* PostData.swift in Sources */,
				7554CDF42463019900E7ABDE /* HomeTabBarController.swift in Sources */,
				7554CE0B2463161000E7ABDE /* AccountService.swift in Sources */,
				7554CDFA24630C7000E7ABDE /* UserRepository.swift in Sources */,
				7554CDA82462F64E00E7ABDE /* SceneDelegate.swift in Sources */,
				7554CDFE24630CD000E7ABDE /* User.swift in Sources */,
				7554CE042463134D00E7ABDE /* RegisterUser.swift in Sources */,
				7554CE112466DDF400E7ABDE /* PostRepository.swift in Sources */,
				7554CE0D2465D5A700E7ABDE /* UpdateUser.swift in Sources */,
				7554CE23246C37E100E7ABDE /* PostTableViewCell.swift in Sources */,
			);
			runOnlyForDeploymentPostprocessing = 0;
		};
/* End PBXSourcesBuildPhase section */

/* Begin PBXVariantGroup section */
		7554CDAB2462F64E00E7ABDE /* Main.storyboard */ = {
			isa = PBXVariantGroup;
			children = (
				7554CDAC2462F64E00E7ABDE /* Base */,
			);
			name = Main.storyboard;
			sourceTree = "<group>";
		};
		7554CDB02462F65500E7ABDE /* LaunchScreen.storyboard */ = {
			isa = PBXVariantGroup;
			children = (
				7554CDB12462F65500E7ABDE /* Base */,
			);
			name = LaunchScreen.storyboard;
			sourceTree = "<group>";
		};
/* End PBXVariantGroup section */

/* Begin XCBuildConfiguration section */
		7554CDB42462F65500E7ABDE /* Debug */ = {
			isa = XCBuildConfiguration;
			buildSettings = {
				ALWAYS_SEARCH_USER_PATHS = NO;
				CLANG_ANALYZER_NONNULL = YES;
				CLANG_ANALYZER_NUMBER_OBJECT_CONVERSION = YES_AGGRESSIVE;
				CLANG_CXX_LANGUAGE_STANDARD = "gnu++14";
				CLANG_CXX_LIBRARY = "libc++";
				CLANG_ENABLE_MODULES = YES;
				CLANG_ENABLE_OBJC_ARC = YES;
				CLANG_ENABLE_OBJC_WEAK = YES;
				CLANG_WARN_BLOCK_CAPTURE_AUTORELEASING = YES;
				CLANG_WARN_BOOL_CONVERSION = YES;
				CLANG_WARN_COMMA = YES;
				CLANG_WARN_CONSTANT_CONVERSION = YES;
				CLANG_WARN_DEPRECATED_OBJC_IMPLEMENTATIONS = YES;
				CLANG_WARN_DIRECT_OBJC_ISA_USAGE = YES_ERROR;
				CLANG_WARN_DOCUMENTATION_COMMENTS = YES;
				CLANG_WARN_EMPTY_BODY = YES;
				CLANG_WARN_ENUM_CONVERSION = YES;
				CLANG_WARN_INFINITE_RECURSION = YES;
				CLANG_WARN_INT_CONVERSION = YES;
				CLANG_WARN_NON_LITERAL_NULL_CONVERSION = YES;
				CLANG_WARN_OBJC_IMPLICIT_RETAIN_SELF = YES;
				CLANG_WARN_OBJC_LITERAL_CONVERSION = YES;
				CLANG_WARN_OBJC_ROOT_CLASS = YES_ERROR;
				CLANG_WARN_RANGE_LOOP_ANALYSIS = YES;
				CLANG_WARN_STRICT_PROTOTYPES = YES;
				CLANG_WARN_SUSPICIOUS_MOVE = YES;
				CLANG_WARN_UNGUARDED_AVAILABILITY = YES_AGGRESSIVE;
				CLANG_WARN_UNREACHABLE_CODE = YES;
				CLANG_WARN__DUPLICATE_METHOD_MATCH = YES;
				COPY_PHASE_STRIP = NO;
				DEBUG_INFORMATION_FORMAT = dwarf;
				ENABLE_STRICT_OBJC_MSGSEND = YES;
				ENABLE_TESTABILITY = YES;
				GCC_C_LANGUAGE_STANDARD = gnu11;
				GCC_DYNAMIC_NO_PIC = NO;
				GCC_NO_COMMON_BLOCKS = YES;
				GCC_OPTIMIZATION_LEVEL = 0;
				GCC_PREPROCESSOR_DEFINITIONS = (
					"DEBUG=1",
					"$(inherited)",
				);
				GCC_WARN_64_TO_32_BIT_CONVERSION = YES;
				GCC_WARN_ABOUT_RETURN_TYPE = YES_ERROR;
				GCC_WARN_UNDECLARED_SELECTOR = YES;
				GCC_WARN_UNINITIALIZED_AUTOS = YES_AGGRESSIVE;
				GCC_WARN_UNUSED_FUNCTION = YES;
				GCC_WARN_UNUSED_VARIABLE = YES;
				IPHONEOS_DEPLOYMENT_TARGET = 13.4;
				MTL_ENABLE_DEBUG_INFO = INCLUDE_SOURCE;
				MTL_FAST_MATH = YES;
				ONLY_ACTIVE_ARCH = YES;
				SDKROOT = iphoneos;
				SWIFT_ACTIVE_COMPILATION_CONDITIONS = DEBUG;
				SWIFT_OPTIMIZATION_LEVEL = "-Onone";
			};
			name = Debug;
		};
		7554CDB52462F65500E7ABDE /* Release */ = {
			isa = XCBuildConfiguration;
			buildSettings = {
				ALWAYS_SEARCH_USER_PATHS = NO;
				CLANG_ANALYZER_NONNULL = YES;
				CLANG_ANALYZER_NUMBER_OBJECT_CONVERSION = YES_AGGRESSIVE;
				CLANG_CXX_LANGUAGE_STANDARD = "gnu++14";
				CLANG_CXX_LIBRARY = "libc++";
				CLANG_ENABLE_MODULES = YES;
				CLANG_ENABLE_OBJC_ARC = YES;
				CLANG_ENABLE_OBJC_WEAK = YES;
				CLANG_WARN_BLOCK_CAPTURE_AUTORELEASING = YES;
				CLANG_WARN_BOOL_CONVERSION = YES;
				CLANG_WARN_COMMA = YES;
				CLANG_WARN_CONSTANT_CONVERSION = YES;
				CLANG_WARN_DEPRECATED_OBJC_IMPLEMENTATIONS = YES;
				CLANG_WARN_DIRECT_OBJC_ISA_USAGE = YES_ERROR;
				CLANG_WARN_DOCUMENTATION_COMMENTS = YES;
				CLANG_WARN_EMPTY_BODY = YES;
				CLANG_WARN_ENUM_CONVERSION = YES;
				CLANG_WARN_INFINITE_RECURSION = YES;
				CLANG_WARN_INT_CONVERSION = YES;
				CLANG_WARN_NON_LITERAL_NULL_CONVERSION = YES;
				CLANG_WARN_OBJC_IMPLICIT_RETAIN_SELF = YES;
				CLANG_WARN_OBJC_LITERAL_CONVERSION = YES;
				CLANG_WARN_OBJC_ROOT_CLASS = YES_ERROR;
				CLANG_WARN_RANGE_LOOP_ANALYSIS = YES;
				CLANG_WARN_STRICT_PROTOTYPES = YES;
				CLANG_WARN_SUSPICIOUS_MOVE = YES;
				CLANG_WARN_UNGUARDED_AVAILABILITY = YES_AGGRESSIVE;
				CLANG_WARN_UNREACHABLE_CODE = YES;
				CLANG_WARN__DUPLICATE_METHOD_MATCH = YES;
				COPY_PHASE_STRIP = NO;
				DEBUG_INFORMATION_FORMAT = "dwarf-with-dsym";
				ENABLE_NS_ASSERTIONS = NO;
				ENABLE_STRICT_OBJC_MSGSEND = YES;
				GCC_C_LANGUAGE_STANDARD = gnu11;
				GCC_NO_COMMON_BLOCKS = YES;
				GCC_WARN_64_TO_32_BIT_CONVERSION = YES;
				GCC_WARN_ABOUT_RETURN_TYPE = YES_ERROR;
				GCC_WARN_UNDECLARED_SELECTOR = YES;
				GCC_WARN_UNINITIALIZED_AUTOS = YES_AGGRESSIVE;
				GCC_WARN_UNUSED_FUNCTION = YES;
				GCC_WARN_UNUSED_VARIABLE = YES;
				IPHONEOS_DEPLOYMENT_TARGET = 13.4;
				MTL_ENABLE_DEBUG_INFO = NO;
				MTL_FAST_MATH = YES;
				SDKROOT = iphoneos;
				SWIFT_COMPILATION_MODE = wholemodule;
				SWIFT_OPTIMIZATION_LEVEL = "-O";
				VALIDATE_PRODUCT = YES;
			};
			name = Release;
		};
		7554CDB72462F65500E7ABDE /* Debug */ = {
			isa = XCBuildConfiguration;
			baseConfigurationReference = FDAB74E5FD7A4CAFE7D537FB /* Pods-InstagramClone.debug.xcconfig */;
			buildSettings = {
				ASSETCATALOG_COMPILER_APPICON_NAME = AppIcon;
				CODE_SIGN_STYLE = Automatic;
				INFOPLIST_FILE = InstagramClone/Info.plist;
				LD_RUNPATH_SEARCH_PATHS = (
					"$(inherited)",
					"@executable_path/Frameworks",
				);
				PRODUCT_BUNDLE_IDENTIFIER = com.umichan.InstagramClone;
				PRODUCT_NAME = "$(TARGET_NAME)";
				SWIFT_VERSION = 5.0;
				TARGETED_DEVICE_FAMILY = 1;
			};
			name = Debug;
		};
		7554CDB82462F65500E7ABDE /* Release */ = {
			isa = XCBuildConfiguration;
			baseConfigurationReference = 22B20C02BD163CA00F5397CD /* Pods-InstagramClone.release.xcconfig */;
			buildSettings = {
				ASSETCATALOG_COMPILER_APPICON_NAME = AppIcon;
				CODE_SIGN_STYLE = Automatic;
				INFOPLIST_FILE = InstagramClone/Info.plist;
				LD_RUNPATH_SEARCH_PATHS = (
					"$(inherited)",
					"@executable_path/Frameworks",
				);
				PRODUCT_BUNDLE_IDENTIFIER = com.umichan.InstagramClone;
				PRODUCT_NAME = "$(TARGET_NAME)";
				SWIFT_VERSION = 5.0;
				TARGETED_DEVICE_FAMILY = 1;
			};
			name = Release;
		};
/* End XCBuildConfiguration section */

/* Begin XCConfigurationList section */
		7554CD9D2462F64E00E7ABDE /* Build configuration list for PBXProject "InstagramClone" */ = {
			isa = XCConfigurationList;
			buildConfigurations = (
				7554CDB42462F65500E7ABDE /* Debug */,
				7554CDB52462F65500E7ABDE /* Release */,
			);
			defaultConfigurationIsVisible = 0;
			defaultConfigurationName = Release;
		};
		7554CDB62462F65500E7ABDE /* Build configuration list for PBXNativeTarget "InstagramClone" */ = {
			isa = XCConfigurationList;
			buildConfigurations = (
				7554CDB72462F65500E7ABDE /* Debug */,
				7554CDB82462F65500E7ABDE /* Release */,
			);
			defaultConfigurationIsVisible = 0;
			defaultConfigurationName = Release;
		};
/* End XCConfigurationList section */
	};
	rootObject = 7554CD9A2462F64E00E7ABDE /* Project object */;
}
